// !$*UTF8*$!
{
	archiveVersion = 1;
	classes = {
	};
	objectVersion = 46;
	objects = {

/* Begin PBXBuildFile section */
		011CA08E15D3144E007DBC54 /* UIKit.framework in Frameworks */ = {isa = PBXBuildFile; fileRef = 011CA08D15D3144E007DBC54 /* UIKit.framework */; };
		011CA09015D3144E007DBC54 /* Foundation.framework in Frameworks */ = {isa = PBXBuildFile; fileRef = 011CA08F15D3144E007DBC54 /* Foundation.framework */; };
		011CA09215D3144E007DBC54 /* CoreGraphics.framework in Frameworks */ = {isa = PBXBuildFile; fileRef = 011CA09115D3144E007DBC54 /* CoreGraphics.framework */; };
		0145C74115D3182F007244F3 /* MapKit.framework in Frameworks */ = {isa = PBXBuildFile; fileRef = 0145C74015D3182F007244F3 /* MapKit.framework */; };
		0145C74615D32505007244F3 /* mars.jpg in Resources */ = {isa = PBXBuildFile; fileRef = 0145C74515D32505007244F3 /* mars.jpg */; };
		017FD73F15D317B1006825B3 /* AppDelegate.m in Sources */ = {isa = PBXBuildFile; fileRef = 017FD73D15D317A5006825B3 /* AppDelegate.m */; };
		017FD74015D317B1006825B3 /* main.m in Sources */ = {isa = PBXBuildFile; fileRef = 017FD73C15D3162C006825B3 /* main.m */; };
		01A1D514161129080021F8DD /* Default-568h@2x.png in Resources */ = {isa = PBXBuildFile; fileRef = 01A1D513161129080021F8DD /* Default-568h@2x.png */; };
		01A6EE6515D49BD500E895D6 /* SMCalloutView.m in Sources */ = {isa = PBXBuildFile; fileRef = 01A6EE6415D49BD500E895D6 /* SMCalloutView.m */; };
		01A6EE7915D572C300E895D6 /* QuartzCore.framework in Frameworks */ = {isa = PBXBuildFile; fileRef = 01A6EE7815D572C300E895D6 /* QuartzCore.framework */; };
/* End PBXBuildFile section */

/* Begin PBXFileReference section */
		011CA08915D3144E007DBC54 /* CalloutViewSamples.app */ = {isa = PBXFileReference; explicitFileType = wrapper.application; includeInIndex = 0; path = CalloutViewSamples.app; sourceTree = BUILT_PRODUCTS_DIR; };
		011CA08D15D3144E007DBC54 /* UIKit.framework */ = {isa = PBXFileReference; lastKnownFileType = wrapper.framework; name = UIKit.framework; path = System/Library/Frameworks/UIKit.framework; sourceTree = SDKROOT; };
		011CA08F15D3144E007DBC54 /* Foundation.framework */ = {isa = PBXFileReference; lastKnownFileType = wrapper.framework; name = Foundation.framework; path = System/Library/Frameworks/Foundation.framework; sourceTree = SDKROOT; };
		011CA09115D3144E007DBC54 /* CoreGraphics.framework */ = {isa = PBXFileReference; lastKnownFileType = wrapper.framework; name = CoreGraphics.framework; path = System/Library/Frameworks/CoreGraphics.framework; sourceTree = SDKROOT; };
		0145C74015D3182F007244F3 /* MapKit.framework */ = {isa = PBXFileReference; lastKnownFileType = wrapper.framework; name = MapKit.framework; path = System/Library/Frameworks/MapKit.framework; sourceTree = SDKROOT; };
		0145C74515D32505007244F3 /* mars.jpg */ = {isa = PBXFileReference; lastKnownFileType = image.jpeg; path = mars.jpg; sourceTree = SOURCE_ROOT; };
		017FD73A15D3162C006825B3 /* CalloutViewSamples-Info.plist */ = {isa = PBXFileReference; lastKnownFileType = text.plist.xml; path = "CalloutViewSamples-Info.plist"; sourceTree = SOURCE_ROOT; };
		017FD73B15D3162C006825B3 /* CalloutViewSamples-Prefix.pch */ = {isa = PBXFileReference; lastKnownFileType = sourcecode.c.h; path = "CalloutViewSamples-Prefix.pch"; sourceTree = SOURCE_ROOT; };
		017FD73C15D3162C006825B3 /* main.m */ = {isa = PBXFileReference; lastKnownFileType = sourcecode.c.objc; path = main.m; sourceTree = SOURCE_ROOT; };
		017FD73D15D317A5006825B3 /* AppDelegate.m */ = {isa = PBXFileReference; lastKnownFileType = sourcecode.c.objc; path = AppDelegate.m; sourceTree = SOURCE_ROOT; };
		017FD73E15D317A5006825B3 /* AppDelegate.h */ = {isa = PBXFileReference; lastKnownFileType = sourcecode.c.h; path = AppDelegate.h; sourceTree = SOURCE_ROOT; };
		01A1D513161129080021F8DD /* Default-568h@2x.png */ = {isa = PBXFileReference; lastKnownFileType = image.png; path = "Default-568h@2x.png"; sourceTree = SOURCE_ROOT; };
		01A6EE6315D49BD500E895D6 /* SMCalloutView.h */ = {isa = PBXFileReference; fileEncoding = 4; lastKnownFileType = sourcecode.c.h; name = SMCalloutView.h; path = ../SMCalloutView.h; sourceTree = "<group>"; };
		01A6EE6415D49BD500E895D6 /* SMCalloutView.m */ = {isa = PBXFileReference; fileEncoding = 4; lastKnownFileType = sourcecode.c.objc; name = SMCalloutView.m; path = ../SMCalloutView.m; sourceTree = "<group>"; };
		01A6EE7815D572C300E895D6 /* QuartzCore.framework */ = {isa = PBXFileReference; lastKnownFileType = wrapper.framework; name = QuartzCore.framework; path = System/Library/Frameworks/QuartzCore.framework; sourceTree = SDKROOT; };
/* End PBXFileReference section */

/* Begin PBXFrameworksBuildPhase section */
		011CA08615D3144E007DBC54 /* Frameworks */ = {
			isa = PBXFrameworksBuildPhase;
			buildActionMask = 2147483647;
			files = (
				01A6EE7915D572C300E895D6 /* QuartzCore.framework in Frameworks */,
				0145C74115D3182F007244F3 /* MapKit.framework in Frameworks */,
				011CA08E15D3144E007DBC54 /* UIKit.framework in Frameworks */,
				011CA09015D3144E007DBC54 /* Foundation.framework in Frameworks */,
				011CA09215D3144E007DBC54 /* CoreGraphics.framework in Frameworks */,
			);
			runOnlyForDeploymentPostprocessing = 0;
		};
/* End PBXFrameworksBuildPhase section */

/* Begin PBXGroup section */
		011CA07E15D3144E007DBC54 = {
			isa = PBXGroup;
			children = (
				0145C76615D48F0D007244F3 /* Callout View */,
				011CA09315D3144E007DBC54 /* Samples */,
				011CA08C15D3144E007DBC54 /* Frameworks */,
				011CA08A15D3144E007DBC54 /* Products */,
			);
			sourceTree = "<group>";
		};
		011CA08A15D3144E007DBC54 /* Products */ = {
			isa = PBXGroup;
			children = (
				011CA08915D3144E007DBC54 /* CalloutViewSamples.app */,
			);
			name = Products;
			sourceTree = "<group>";
		};
		011CA08C15D3144E007DBC54 /* Frameworks */ = {
			isa = PBXGroup;
			children = (
				011CA08D15D3144E007DBC54 /* UIKit.framework */,
				011CA08F15D3144E007DBC54 /* Foundation.framework */,
				011CA09115D3144E007DBC54 /* CoreGraphics.framework */,
				0145C74015D3182F007244F3 /* MapKit.framework */,
				01A6EE7815D572C300E895D6 /* QuartzCore.framework */,
			);
			name = Frameworks;
			sourceTree = "<group>";
		};
		011CA09315D3144E007DBC54 /* Samples */ = {
			isa = PBXGroup;
			children = (
				017FD73E15D317A5006825B3 /* AppDelegate.h */,
				017FD73D15D317A5006825B3 /* AppDelegate.m */,
				017FD73915D31618006825B3 /* Supporting Files */,
			);
			name = Samples;
			path = CalloutViewSamples;
			sourceTree = "<group>";
		};
		0145C76615D48F0D007244F3 /* Callout View */ = {
			isa = PBXGroup;
			children = (
				01A6EE6315D49BD500E895D6 /* SMCalloutView.h */,
				01A6EE6415D49BD500E895D6 /* SMCalloutView.m */,
			);
			name = "Callout View";
			sourceTree = "<group>";
		};
		017FD73915D31618006825B3 /* Supporting Files */ = {
			isa = PBXGroup;
			children = (
				017FD73A15D3162C006825B3 /* CalloutViewSamples-Info.plist */,
				017FD73B15D3162C006825B3 /* CalloutViewSamples-Prefix.pch */,
				017FD73C15D3162C006825B3 /* main.m */,
				0145C74515D32505007244F3 /* mars.jpg */,
				01A1D513161129080021F8DD /* Default-568h@2x.png */,
			);
			name = "Supporting Files";
			sourceTree = "<group>";
		};
/* End PBXGroup section */

/* Begin PBXNativeTarget section */
		011CA08815D3144E007DBC54 /* CalloutViewSamples */ = {
			isa = PBXNativeTarget;
			buildConfigurationList = 011CA0A115D3144E007DBC54 /* Build configuration list for PBXNativeTarget "CalloutViewSamples" */;
			buildPhases = (
				011CA08515D3144E007DBC54 /* Sources */,
				011CA08615D3144E007DBC54 /* Frameworks */,
				011CA08715D3144E007DBC54 /* Resources */,
			);
			buildRules = (
			);
			dependencies = (
			);
			name = CalloutViewSamples;
			productName = CalloutViewSamples;
			productReference = 011CA08915D3144E007DBC54 /* CalloutViewSamples.app */;
			productType = "com.apple.product-type.application";
		};
/* End PBXNativeTarget section */

/* Begin PBXProject section */
		011CA08015D3144E007DBC54 /* Project object */ = {
			isa = PBXProject;
			attributes = {
				LastUpgradeCheck = 0460;
			};
			buildConfigurationList = 011CA08315D3144E007DBC54 /* Build configuration list for PBXProject "CalloutViewSamples" */;
			compatibilityVersion = "Xcode 3.2";
			developmentRegion = English;
			hasScannedForEncodings = 0;
			knownRegions = (
				en,
			);
			mainGroup = 011CA07E15D3144E007DBC54;
			productRefGroup = 011CA08A15D3144E007DBC54 /* Products */;
			projectDirPath = "";
			projectRoot = "";
			targets = (
				011CA08815D3144E007DBC54 /* CalloutViewSamples */,
			);
		};
/* End PBXProject section */

/* Begin PBXResourcesBuildPhase section */
		011CA08715D3144E007DBC54 /* Resources */ = {
			isa = PBXResourcesBuildPhase;
			buildActionMask = 2147483647;
			files = (
				0145C74615D32505007244F3 /* mars.jpg in Resources */,
				01A1D514161129080021F8DD /* Default-568h@2x.png in Resources */,
			);
			runOnlyForDeploymentPostprocessing = 0;
		};
/* End PBXResourcesBuildPhase section */

/* Begin PBXSourcesBuildPhase section */
		011CA08515D3144E007DBC54 /* Sources */ = {
			isa = PBXSourcesBuildPhase;
			buildActionMask = 2147483647;
			files = (
				01A6EE6515D49BD500E895D6 /* SMCalloutView.m in Sources */,
				017FD73F15D317B1006825B3 /* AppDelegate.m in Sources */,
				017FD74015D317B1006825B3 /* main.m in Sources */,
			);
			runOnlyForDeploymentPostprocessing = 0;
		};
/* End PBXSourcesBuildPhase section */

/* Begin XCBuildConfiguration section */
		011CA09F15D3144E007DBC54 /* Debug */ = {
			isa = XCBuildConfiguration;
			buildSettings = {
				ALWAYS_SEARCH_USER_PATHS = NO;
				ARCHS = "$(ARCHS_STANDARD_32_BIT)";
				CLANG_CXX_LANGUAGE_STANDARD = "gnu++0x";
				CLANG_ENABLE_OBJC_ARC = YES;
				CLANG_WARN_CONSTANT_CONVERSION = YES;
				CLANG_WARN_ENUM_CONVERSION = YES;
				CLANG_WARN_INT_CONVERSION = YES;
				CLANG_WARN__DUPLICATE_METHOD_MATCH = YES;
				"CODE_SIGN_IDENTITY[sdk=iphoneos*]" = "iPhone Developer";
				COPY_PHASE_STRIP = NO;
				GCC_C_LANGUAGE_STANDARD = gnu99;
				GCC_DYNAMIC_NO_PIC = NO;
				GCC_OPTIMIZATION_LEVEL = 0;
				GCC_PREPROCESSOR_DEFINITIONS = (
					"DEBUG=1",
					"$(inherited)",
				);
				GCC_SYMBOLS_PRIVATE_EXTERN = NO;
				GCC_VERSION = com.apple.compilers.llvm.clang.1_0;
				GCC_WARN_ABOUT_RETURN_TYPE = YES;
				GCC_WARN_UNINITIALIZED_AUTOS = YES;
				GCC_WARN_UNUSED_VARIABLE = YES;
				IPHONEOS_DEPLOYMENT_TARGET = 5.1;
				SDKROOT = iphoneos;
				TARGETED_DEVICE_FAMILY = "1,2";
			};
			name = Debug;
		};
		011CA0A015D3144E007DBC54 /* Release */ = {
			isa = XCBuildConfiguration;
			buildSettings = {
				ALWAYS_SEARCH_USER_PATHS = NO;
				ARCHS = "$(ARCHS_STANDARD_32_BIT)";
				CLANG_CXX_LANGUAGE_STANDARD = "gnu++0x";
				CLANG_ENABLE_OBJC_ARC = YES;
				CLANG_WARN_CONSTANT_CONVERSION = YES;
				CLANG_WARN_ENUM_CONVERSION = YES;
				CLANG_WARN_INT_CONVERSION = YES;
				CLANG_WARN__DUPLICATE_METHOD_MATCH = YES;
				"CODE_SIGN_IDENTITY[sdk=iphoneos*]" = "iPhone Developer";
				COPY_PHASE_STRIP = YES;
				GCC_C_LANGUAGE_STANDARD = gnu99;
				GCC_VERSION = com.apple.compilers.llvm.clang.1_0;
				GCC_WARN_ABOUT_RETURN_TYPE = YES;
				GCC_WARN_UNINITIALIZED_AUTOS = YES;
				GCC_WARN_UNUSED_VARIABLE = YES;
				IPHONEOS_DEPLOYMENT_TARGET = 5.1;
				OTHER_CFLAGS = "-DNS_BLOCK_ASSERTIONS=1";
				SDKROOT = iphoneos;
				TARGETED_DEVICE_FAMILY = "1,2";
				VALIDATE_PRODUCT = YES;
			};
			name = Release;
		};
		011CA0A215D3144E007DBC54 /* Debug */ = {
			isa = XCBuildConfiguration;
			buildSettings = {
				GCC_PRECOMPILE_PREFIX_HEADER = YES;
				GCC_PREFIX_HEADER = "CalloutViewSamples-Prefix.pch";
				INFOPLIST_FILE = "CalloutViewSamples-Info.plist";
				IPHONEOS_DEPLOYMENT_TARGET = 4.0;
				PRODUCT_NAME = "$(TARGET_NAME)";
				WRAPPER_EXTENSION = app;
			};
			name = Debug;
		};
		011CA0A315D3144E007DBC54 /* Release */ = {
			isa = XCBuildConfiguration;
			buildSettings = {
				GCC_PRECOMPILE_PREFIX_HEADER = YES;
				GCC_PREFIX_HEADER = "CalloutViewSamples-Prefix.pch";
				INFOPLIST_FILE = "CalloutViewSamples-Info.plist";
				IPHONEOS_DEPLOYMENT_TARGET = 4.0;
				PRODUCT_NAME = "$(TARGET_NAME)";
				WRAPPER_EXTENSION = app;
			};
			name = Release;
		};
/* End XCBuildConfiguration section */

/* Begin XCConfigurationList section */
		011CA08315D3144E007DBC54 /* Build configuration list for PBXProject "CalloutViewSamples" */ = {
			isa = XCConfigurationList;
			buildConfigurations = (
				011CA09F15D3144E007DBC54 /* Debug */,
				011CA0A015D3144E007DBC54 /* Release */,
			);
			defaultConfigurationIsVisible = 0;
			defaultConfigurationName = Release;
		};
		011CA0A115D3144E007DBC54 /* Build configuration list for PBXNativeTarget "CalloutViewSamples" */ = {
			isa = XCConfigurationList;
			buildConfigurations = (
				011CA0A215D3144E007DBC54 /* Debug */,
				011CA0A315D3144E007DBC54 /* Release */,
			);
			defaultConfigurationIsVisible = 0;
			defaultConfigurationName = Release;
		};
/* End XCConfigurationList section */
	};
	rootObject = 011CA08015D3144E007DBC54 /* Project object */;
}
